
Microsoft Visual Studio Solution File, Format Version 12.00
# Visual Studio Version 17
VisualStudioVersion = 17.7.34202.233
MinimumVisualStudioVersion = 10.0.40219.1
Project("{FAE04EC0-301F-11D3-BF4B-00C04F79EFBC}") = "25.10", "25.10\25.10.csproj", "{D1473FE9-631F-4377-A6CC-C886C5B48E2D}"
EndProject
Global
	GlobalSection(SolutionConfigurationPlatforms) = preSolution
		Debug|Any CPU = Debug|Any CPU
		Release|Any CPU = Release|Any CPU
	EndGlobalSection
	GlobalSection(ProjectConfigurationPlatforms) = postSolution
		{D1473FE9-631F-4377-A6CC-C886C5B48E2D}.Debug|Any CPU.ActiveCfg = Debug|Any CPU
		{D1473FE9-631F-4377-A6CC-C886C5B48E2D}.Debug|Any CPU.Build.0 = Debug|Any CPU
		{D1473FE9-631F-4377-A6CC-C886C5B48E2D}.Release|Any CPU.ActiveCfg = Release|Any CPU
		{D1473FE9-631F-4377-A6CC-C886C5B48E2D}.Release|Any CPU.Build.0 = Release|Any CPU
	EndGlobalSection
	GlobalSection(SolutionProperties) = preSolution
		HideSolutionNode = FALSE
	EndGlobalSection
	GlobalSection(ExtensibilityGlobals) = postSolution
		SolutionGuid = {D5E712A0-C39E-41B3-96C8-555CF57995C2}
	EndGlobalSection
EndGlobal
